
Microsoft Visual Studio Solution File, Format Version 12.00
# Visual Studio Version 16
VisualStudioVersion = 16.0.29324.140
MinimumVisualStudioVersion = 10.0.40219.1
Project("{FAE04EC0-301F-11D3-BF4B-00C04F79EFBC}") = "EFCoreRecordAndPlayLib", "EFCoreRecordAndPlayLib\EFCoreRecordAndPlayLib.csproj", "{9FEAA328-1882-4EF3-AE4E-4B1509CCCC5B}"
EndProject
Project("{FAE04EC0-301F-11D3-BF4B-00C04F79EFBC}") = "EFRecordAndPlayTest", "EFRecordAndPlayTest\EFRecordAndPlayTest.csproj", "{1896790C-5037-4122-9AA0-34FB5EF9637E}"
EndProject
Global
	GlobalSection(SolutionConfigurationPlatforms) = preSolution
		Debug|Any CPU = Debug|Any CPU
		Release|Any CPU = Release|Any CPU
	EndGlobalSection
	GlobalSection(ProjectConfigurationPlatforms) = postSolution
		{9FEAA328-1882-4EF3-AE4E-4B1509CCCC5B}.Debug|Any CPU.ActiveCfg = Debug|Any CPU
		{9FEAA328-1882-4EF3-AE4E-4B1509CCCC5B}.Debug|Any CPU.Build.0 = Debug|Any CPU
		{9FEAA328-1882-4EF3-AE4E-4B1509CCCC5B}.Release|Any CPU.ActiveCfg = Release|Any CPU
		{9FEAA328-1882-4EF3-AE4E-4B1509CCCC5B}.Release|Any CPU.Build.0 = Release|Any CPU
		{1896790C-5037-4122-9AA0-34FB5EF9637E}.Debug|Any CPU.ActiveCfg = Debug|Any CPU
		{1896790C-5037-4122-9AA0-34FB5EF9637E}.Debug|Any CPU.Build.0 = Debug|Any CPU
		{1896790C-5037-4122-9AA0-34FB5EF9637E}.Release|Any CPU.ActiveCfg = Release|Any CPU
		{1896790C-5037-4122-9AA0-34FB5EF9637E}.Release|Any CPU.Build.0 = Release|Any CPU
	EndGlobalSection
	GlobalSection(SolutionProperties) = preSolution
		HideSolutionNode = FALSE
	EndGlobalSection
	GlobalSection(ExtensibilityGlobals) = postSolution
		SolutionGuid = {17202972-D641-40C6-87A6-9420B6CF9991}
	EndGlobalSection
EndGlobal
